<?xml version="1.0" encoding="utf-8"?>
<Project ToolsVersion="4.0" xmlns="http://schemas.microsoft.com/developer/msbuild/2003">
  <ItemGroup>
    <Filter Include="Socket">
      <UniqueIdentifier>{edd71cd5-c21b-4587-93fe-d875f3820e7d}</UniqueIdentifier>
    </Filter>
    <Filter Include="Socket\Source">
      <UniqueIdentifier>{c470b186-4d35-417a-9701-f4c742ef0876}</UniqueIdentifier>
    </Filter>
    <Filter Include="Socket\Header">
      <UniqueIdentifier>{f3f879fb-1049-47a7-a162-d3f583c2b2b1}</UniqueIdentifier>
    </Filter>
    <Filter Include="Network">
      <UniqueIdentifier>{c2a4d2cc-c750-4433-baa8-edb14324dc6f}</UniqueIdentifier>
    </Filter>
    <Filter Include="Header Files">
      <UniqueIdentifier>{93995380-89BD-4b04-88EB-625FBE52EBFB}</UniqueIdentifier>
      <Extensions>h;hpp;hxx;hm;inl;inc;xsd</Extensions>
    </Filter>
    <Filter Include="Source Files">
      <UniqueIdentifier>{4FC737F1-C7A5-4376-A066-2A32D752A2FF}</UniqueIdentifier>
      <Extensions>cpp;c;cxx;def;odl;idl;hpj;bat;asm;asmx</Extensions>
    </Filter>
    <Filter Include="Generated Files">
      <UniqueIdentifier>{32a96abf-3775-4836-b462-ef496c07df3b}</UniqueIdentifier>
      <SourceControlFiles>False</SourceControlFiles>
    </Filter>
    <Filter Include="Resource Files">
      <UniqueIdentifier>{67DA6AB6-F800-4c08-8B7A-83BB121AAD01}</UniqueIdentifier>
      <Extensions>rc;ico;cur;bmp;dlg;rc2;rct;bin;rgs;gif;jpg;jpeg;jpe;resx</Extensions>
    </Filter>
  </ItemGroup>
  <ItemGroup>
    <ClCompile Include="..\..\common\io\KFile.cpp">
      <Filter>Source Files</Filter>
    </ClCompile>
    <ClCompile Include="..\..\common\log\KLog.cpp">
      <Filter>Source Files</Filter>
    </ClCompile>
    <ClCompile Include="P2PService.cpp">
      <Filter>Source Files</Filter>
    </ClCompile>
    <ClCompile Include="SocketClientMgr.cpp">
      <Filter>Source Files</Filter>
    </ClCompile>
    <ClCompile Include="stdafx.cpp">
      <Filter>Source Files</Filter>
    </ClCompile>
    <ClCompile Include="P2PService_i.c">
      <Filter>Generated Files</Filter>
    </ClCompile>
    <ClCompile Include="Socket\HttpRequest.cpp">
      <Filter>Socket\Source</Filter>
    </ClCompile>
    <ClCompile Include="Socket\HttpRequestProcess.cpp">
      <Filter>Socket\Source</Filter>
    </ClCompile>
    <ClCompile Include="Socket\HttpResponse.cpp">
      <Filter>Socket\Source</Filter>
    </ClCompile>
    <ClCompile Include="Socket\HttpServer.cpp">
      <Filter>Socket\Source</Filter>
    </ClCompile>
    <ClCompile Include="Socket\HttpServerInfo.cpp">
      <Filter>Socket\Source</Filter>
    </ClCompile>
    <ClCompile Include="Socket\HttpServerStats.cpp">
      <Filter>Socket\Source</Filter>
    </ClCompile>
    <ClCompile Include="Socket\HttpSocketHandler.cpp">
      <Filter>Socket\Source</Filter>
    </ClCompile>
    <ClCompile Include="Socket\TextFile.cpp">
      <Filter>Socket\Source</Filter>
    </ClCompile>
    <ClCompile Include="Socket\Thread.cpp">
      <Filter>Socket\Source</Filter>
    </ClCompile>
    <ClCompile Include="Socket\TimeStamp.cpp">
      <Filter>Socket\Source</Filter>
    </ClCompile>
    <ClCompile Include="Socket\TransactionFile.cpp">
      <Filter>Socket\Source</Filter>
    </ClCompile>
    <ClCompile Include="..\..\common\io\KStream.cpp">
      <Filter>Network</Filter>
    </ClCompile>
    <ClCompile Include="..\..\common\misc\KString.cpp">
      <Filter>Network</Filter>
    </ClCompile>
  </ItemGroup>
  <ItemGroup>
    <Midl Include="P2PService.idl">
      <Filter>Source Files</Filter>
    </Midl>
  </ItemGroup>
  <ItemGroup>
    <ClInclude Include="Resource.h">
      <Filter>Header Files</Filter>
    </ClInclude>
    <ClInclude Include="SocketClientMgr.h">
      <Filter>Header Files</Filter>
    </ClInclude>
    <ClInclude Include="stdafx.h">
      <Filter>Header Files</Filter>
    </ClInclude>
    <ClInclude Include="Socket\HttpBuffer.h">
      <Filter>Socket\Header</Filter>
    </ClInclude>
    <ClInclude Include="Socket\HttpRequest.h">
      <Filter>Socket\Header</Filter>
    </ClInclude>
    <ClInclude Include="Socket\HttpRequestProcess.h">
      <Filter>Socket\Header</Filter>
    </ClInclude>
    <ClInclude Include="Socket\HttpResponse.h">
      <Filter>Socket\Header</Filter>
    </ClInclude>
    <ClInclude Include="Socket\HttpServer.h">
      <Filter>Socket\Header</Filter>
    </ClInclude>
    <ClInclude Include="Socket\HttpServerInfo.h">
      <Filter>Socket\Header</Filter>
    </ClInclude>
    <ClInclude Include="Socket\HttpServerStats.h">
      <Filter>Socket\Header</Filter>
    </ClInclude>
    <ClInclude Include="Socket\HttpSocket.h">
      <Filter>Socket\Header</Filter>
    </ClInclude>
    <ClInclude Include="Socket\HttpSocketHandler.h">
      <Filter>Socket\Header</Filter>
    </ClInclude>
    <ClInclude Include="Socket\HttpStrings.h">
      <Filter>Socket\Header</Filter>
    </ClInclude>
    <ClInclude Include="Socket\HttpUtil.h">
      <Filter>Socket\Header</Filter>
    </ClInclude>
    <ClInclude Include="Socket\Lock.h">
      <Filter>Socket\Header</Filter>
    </ClInclude>
    <ClInclude Include="Socket\Pipe.h">
      <Filter>Socket\Header</Filter>
    </ClInclude>
    <ClInclude Include="Socket\ServerSocket.h">
      <Filter>Socket\Header</Filter>
    </ClInclude>
    <ClInclude Include="Socket\ServerSocketHandler.h">
      <Filter>Socket\Header</Filter>
    </ClInclude>
    <ClInclude Include="Socket\Socket.h">
      <Filter>Socket\Header</Filter>
    </ClInclude>
    <ClInclude Include="Socket\SocketHandler.h">
      <Filter>Socket\Header</Filter>
    </ClInclude>
    <ClInclude Include="Socket\SocketNotify.h">
      <Filter>Socket\Header</Filter>
    </ClInclude>
    <ClInclude Include="Socket\StringEx.h">
      <Filter>Socket\Header</Filter>
    </ClInclude>
    <ClInclude Include="Socket\StringUtil.h">
      <Filter>Socket\Header</Filter>
    </ClInclude>
    <ClInclude Include="Socket\SysEvent.h">
      <Filter>Socket\Header</Filter>
    </ClInclude>
    <ClInclude Include="Socket\TextFile.h">
      <Filter>Socket\Header</Filter>
    </ClInclude>
    <ClInclude Include="Socket\Thread.h">
      <Filter>Socket\Header</Filter>
    </ClInclude>
    <ClInclude Include="Socket\TimeStamp.h">
      <Filter>Socket\Header</Filter>
    </ClInclude>
    <ClInclude Include="Socket\TransactionFile.h">
      <Filter>Socket\Header</Filter>
    </ClInclude>
    <ClInclude Include="Socket\TransferStatus.h">
      <Filter>Socket\Header</Filter>
    </ClInclude>
  </ItemGroup>
  <ItemGroup>
    <ResourceCompile Include="P2PService.rc">
      <Filter>Resource Files</Filter>
    </ResourceCompile>
  </ItemGroup>
  <ItemGroup>
    <None Include="P2PService.rgs">
      <Filter>Resource Files</Filter>
    </None>
  </ItemGroup>
  <ItemGroup>
    <Text Include="ReadMe.txt" />
  </ItemGroup>
</Project>